// !$*UTF8*$!
{
	archiveVersion = 1;
	classes = {
	};
	objectVersion = 46;
	objects = {

/* Begin PBXBuildFile section */
		C613A42F1F13660B006690D9 /* main.m in Sources */ = {isa = PBXBuildFile; fileRef = C613A42E1F13660B006690D9 /* main.m */; };
		C613A4321F13660B006690D9 /* AppDelegate.m in Sources */ = {isa = PBXBuildFile; fileRef = C613A4311F13660B006690D9 /* AppDelegate.m */; };
		C613A4351F13660B006690D9 /* ViewController.m in Sources */ = {isa = PBXBuildFile; fileRef = C613A4341F13660B006690D9 /* ViewController.m */; };
		C613A4381F13660B006690D9 /* Main.storyboard in Resources */ = {isa = PBXBuildFile; fileRef = C613A4361F13660B006690D9 /* Main.storyboard */; };
		C613A43A1F13660B006690D9 /* Assets.xcassets in Resources */ = {isa = PBXBuildFile; fileRef = C613A4391F13660B006690D9 /* Assets.xcassets */; };
		C613A43D1F13660C006690D9 /* LaunchScreen.storyboard in Resources */ = {isa = PBXBuildFile; fileRef = C613A43B1F13660C006690D9 /* LaunchScreen.storyboard */; };
		C613A4471F136695006690D9 /* DPVideoMerger.m in Sources */ = {isa = PBXBuildFile; fileRef = C613A4461F136694006690D9 /* DPVideoMerger.m */; };
		C613A44D1F13C120006690D9 /* 1.mp4 in Resources */ = {isa = PBXBuildFile; fileRef = C613A44A1F13C120006690D9 /* 1.mp4 */; };
		C613A44E1F13C120006690D9 /* 2.mp4 in Resources */ = {isa = PBXBuildFile; fileRef = C613A44B1F13C120006690D9 /* 2.mp4 */; };
		C613A44F1F13C120006690D9 /* 3.MOV in Resources */ = {isa = PBXBuildFile; fileRef = C613A44C1F13C120006690D9 /* 3.MOV */; };
		C629C9E121FADD290093EC39 /* VideoImgCell.m in Sources */ = {isa = PBXBuildFile; fileRef = C629C9E021FADD290093EC39 /* VideoImgCell.m */; };
		C67C749A1F14B1B60018C0EE /* 4.mp4 in Resources */ = {isa = PBXBuildFile; fileRef = C67C74991F14B15E0018C0EE /* 4.mp4 */; };
/* End PBXBuildFile section */

/* Begin PBXFileReference section */
		C613A42A1F13660A006690D9 /* DPVideoMerger.app */ = {isa = PBXFileReference; explicitFileType = wrapper.application; includeInIndex = 0; path = DPVideoMerger.app; sourceTree = BUILT_PRODUCTS_DIR; };
		C613A42E1F13660B006690D9 /* main.m */ = {isa = PBXFileReference; lastKnownFileType = sourcecode.c.objc; path = main.m; sourceTree = "<group>"; };
		C613A4301F13660B006690D9 /* AppDelegate.h */ = {isa = PBXFileReference; lastKnownFileType = sourcecode.c.h; path = AppDelegate.h; sourceTree = "<group>"; };
		C613A4311F13660B006690D9 /* AppDelegate.m */ = {isa = PBXFileReference; lastKnownFileType = sourcecode.c.objc; path = AppDelegate.m; sourceTree = "<group>"; };
		C613A4331F13660B006690D9 /* ViewController.h */ = {isa = PBXFileReference; lastKnownFileType = sourcecode.c.h; path = ViewController.h; sourceTree = "<group>"; };
		C613A4341F13660B006690D9 /* ViewController.m */ = {isa = PBXFileReference; lastKnownFileType = sourcecode.c.objc; path = ViewController.m; sourceTree = "<group>"; };
		C613A4371F13660B006690D9 /* Base */ = {isa = PBXFileReference; lastKnownFileType = file.storyboard; name = Base; path = Base.lproj/Main.storyboard; sourceTree = "<group>"; };
		C613A4391F13660B006690D9 /* Assets.xcassets */ = {isa = PBXFileReference; lastKnownFileType = folder.assetcatalog; path = Assets.xcassets; sourceTree = "<group>"; };
		C613A43C1F13660C006690D9 /* Base */ = {isa = PBXFileReference; lastKnownFileType = file.storyboard; name = Base; path = Base.lproj/LaunchScreen.storyboard; sourceTree = "<group>"; };
		C613A43E1F13660C006690D9 /* Info.plist */ = {isa = PBXFileReference; lastKnownFileType = text.plist.xml; path = Info.plist; sourceTree = "<group>"; };
		C613A4451F136694006690D9 /* DPVideoMerger.h */ = {isa = PBXFileReference; fileEncoding = 4; lastKnownFileType = sourcecode.c.h; path = DPVideoMerger.h; sourceTree = "<group>"; };
		C613A4461F136694006690D9 /* DPVideoMerger.m */ = {isa = PBXFileReference; fileEncoding = 4; lastKnownFileType = sourcecode.c.objc; path = DPVideoMerger.m; sourceTree = "<group>"; };
		C613A44A1F13C120006690D9 /* 1.mp4 */ = {isa = PBXFileReference; lastKnownFileType = file; path = 1.mp4; sourceTree = "<group>"; };
		C613A44B1F13C120006690D9 /* 2.mp4 */ = {isa = PBXFileReference; lastKnownFileType = file; path = 2.mp4; sourceTree = "<group>"; };
		C613A44C1F13C120006690D9 /* 3.MOV */ = {isa = PBXFileReference; lastKnownFileType = video.quicktime; path = 3.MOV; sourceTree = "<group>"; };
		C629C9DF21FADD290093EC39 /* VideoImgCell.h */ = {isa = PBXFileReference; lastKnownFileType = sourcecode.c.h; path = VideoImgCell.h; sourceTree = "<group>"; };
		C629C9E021FADD290093EC39 /* VideoImgCell.m */ = {isa = PBXFileReference; lastKnownFileType = sourcecode.c.objc; path = VideoImgCell.m; sourceTree = "<group>"; };
		C67C74991F14B15E0018C0EE /* 4.mp4 */ = {isa = PBXFileReference; lastKnownFileType = file; path = 4.mp4; sourceTree = "<group>"; };
/* End PBXFileReference section */

/* Begin PBXFrameworksBuildPhase section */
		C613A4271F13660A006690D9 /* Frameworks */ = {
			isa = PBXFrameworksBuildPhase;
			buildActionMask = 2147483647;
			files = (
			);
			runOnlyForDeploymentPostprocessing = 0;
		};
/* End PBXFrameworksBuildPhase section */

/* Begin PBXGroup section */
		C613A4211F13660A006690D9 = {
			isa = PBXGroup;
			children = (
				C613A42C1F13660A006690D9 /* DPVideoMerger */,
				C613A42B1F13660A006690D9 /* Products */,
			);
			sourceTree = "<group>";
		};
		C613A42B1F13660A006690D9 /* Products */ = {
			isa = PBXGroup;
			children = (
				C613A42A1F13660A006690D9 /* DPVideoMerger.app */,
			);
			name = Products;
			sourceTree = "<group>";
		};
		C613A42C1F13660A006690D9 /* DPVideoMerger */ = {
			isa = PBXGroup;
			children = (
				C613A4441F136657006690D9 /* DPVideoMerger */,
				C613A4491F13C120006690D9 /* SampleVideos */,
				C613A4301F13660B006690D9 /* AppDelegate.h */,
				C613A4311F13660B006690D9 /* AppDelegate.m */,
				C613A4331F13660B006690D9 /* ViewController.h */,
				C613A4341F13660B006690D9 /* ViewController.m */,
				C629C9DF21FADD290093EC39 /* VideoImgCell.h */,
				C629C9E021FADD290093EC39 /* VideoImgCell.m */,
				C613A4361F13660B006690D9 /* Main.storyboard */,
				C613A4391F13660B006690D9 /* Assets.xcassets */,
				C613A43B1F13660C006690D9 /* LaunchScreen.storyboard */,
				C613A43E1F13660C006690D9 /* Info.plist */,
				C613A42D1F13660B006690D9 /* Supporting Files */,
			);
			path = DPVideoMerger;
			sourceTree = "<group>";
		};
		C613A42D1F13660B006690D9 /* Supporting Files */ = {
			isa = PBXGroup;
			children = (
				C613A42E1F13660B006690D9 /* main.m */,
			);
			name = "Supporting Files";
			sourceTree = "<group>";
		};
		C613A4441F136657006690D9 /* DPVideoMerger */ = {
			isa = PBXGroup;
			children = (
				C613A4451F136694006690D9 /* DPVideoMerger.h */,
				C613A4461F136694006690D9 /* DPVideoMerger.m */,
			);
			path = DPVideoMerger;
			sourceTree = "<group>";
		};
		C613A4491F13C120006690D9 /* SampleVideos */ = {
			isa = PBXGroup;
			children = (
				C613A44A1F13C120006690D9 /* 1.mp4 */,
				C613A44B1F13C120006690D9 /* 2.mp4 */,
				C613A44C1F13C120006690D9 /* 3.MOV */,
				C67C74991F14B15E0018C0EE /* 4.mp4 */,
			);
			path = SampleVideos;
			sourceTree = "<group>";
		};
/* End PBXGroup section */

/* Begin PBXNativeTarget section */
		C613A4291F13660A006690D9 /* DPVideoMerger */ = {
			isa = PBXNativeTarget;
			buildConfigurationList = C613A4411F13660C006690D9 /* Build configuration list for PBXNativeTarget "DPVideoMerger" */;
			buildPhases = (
				C613A4261F13660A006690D9 /* Sources */,
				C613A4271F13660A006690D9 /* Frameworks */,
				C613A4281F13660A006690D9 /* Resources */,
			);
			buildRules = (
			);
			dependencies = (
			);
			name = DPVideoMerger;
			productName = DPVideoMerger;
			productReference = C613A42A1F13660A006690D9 /* DPVideoMerger.app */;
			productType = "com.apple.product-type.application";
		};
/* End PBXNativeTarget section */

/* Begin PBXProject section */
		C613A4221F13660A006690D9 /* Project object */ = {
			isa = PBXProject;
			attributes = {
				LastUpgradeCheck = 0930;
				ORGANIZATIONNAME = datt;
				TargetAttributes = {
					C613A4291F13660A006690D9 = {
						CreatedOnToolsVersion = 8.2;
						ProvisioningStyle = Manual;
					};
				};
			};
			buildConfigurationList = C613A4251F13660A006690D9 /* Build configuration list for PBXProject "DPVideoMerger" */;
			compatibilityVersion = "Xcode 3.2";
			developmentRegion = English;
			hasScannedForEncodings = 0;
			knownRegions = (
				en,
				Base,
			);
			mainGroup = C613A4211F13660A006690D9;
			productRefGroup = C613A42B1F13660A006690D9 /* Products */;
			projectDirPath = "";
			projectRoot = "";
			targets = (
				C613A4291F13660A006690D9 /* DPVideoMerger */,
			);
		};
/* End PBXProject section */

/* Begin PBXResourcesBuildPhase section */
		C613A4281F13660A006690D9 /* Resources */ = {
			isa = PBXResourcesBuildPhase;
			buildActionMask = 2147483647;
			files = (
				C67C749A1F14B1B60018C0EE /* 4.mp4 in Resources */,
				C613A43D1F13660C006690D9 /* LaunchScreen.storyboard in Resources */,
				C613A44D1F13C120006690D9 /* 1.mp4 in Resources */,
				C613A44F1F13C120006690D9 /* 3.MOV in Resources */,
				C613A44E1F13C120006690D9 /* 2.mp4 in Resources */,
				C613A43A1F13660B006690D9 /* Assets.xcassets in Resources */,
				C613A4381F13660B006690D9 /* Main.storyboard in Resources */,
			);
			runOnlyForDeploymentPostprocessing = 0;
		};
/* End PBXResourcesBuildPhase section */

/* Begin PBXSourcesBuildPhase section */
		C613A4261F13660A006690D9 /* Sources */ = {
			isa = PBXSourcesBuildPhase;
			buildActionMask = 2147483647;
			files = (
				C613A4351F13660B006690D9 /* ViewController.m in Sources */,
				C613A4321F13660B006690D9 /* AppDelegate.m in Sources */,
				C613A42F1F13660B006690D9 /* main.m in Sources */,
				C629C9E121FADD290093EC39 /* VideoImgCell.m in Sources */,
				C613A4471F136695006690D9 /* DPVideoMerger.m in Sources */,
			);
			runOnlyForDeploymentPostprocessing = 0;
		};
/* End PBXSourcesBuildPhase section */

/* Begin PBXVariantGroup section */
		C613A4361F13660B006690D9 /* Main.storyboard */ = {
			isa = PBXVariantGroup;
			children = (
				C613A4371F13660B006690D9 /* Base */,
			);
			name = Main.storyboard;
			sourceTree = "<group>";
		};
		C613A43B1F13660C006690D9 /* LaunchScreen.storyboard */ = {
			isa = PBXVariantGroup;
			children = (
				C613A43C1F13660C006690D9 /* Base */,
			);
			name = LaunchScreen.storyboard;
			sourceTree = "<group>";
		};
/* End PBXVariantGroup section */

/* Begin XCBuildConfiguration section */
		C613A43F1F13660C006690D9 /* Debug */ = {
			isa = XCBuildConfiguration;
			buildSettings = {
				ALWAYS_SEARCH_USER_PATHS = NO;
				CLANG_ANALYZER_NONNULL = YES;
				CLANG_CXX_LANGUAGE_STANDARD = "gnu++0x";
				CLANG_CXX_LIBRARY = "libc++";
				CLANG_ENABLE_MODULES = YES;
				CLANG_ENABLE_OBJC_ARC = YES;
				CLANG_WARN_BLOCK_CAPTURE_AUTORELEASING = YES;
				CLANG_WARN_BOOL_CONVERSION = YES;
				CLANG_WARN_COMMA = YES;
				CLANG_WARN_CONSTANT_CONVERSION = YES;
				CLANG_WARN_DEPRECATED_OBJC_IMPLEMENTATIONS = YES;
				CLANG_WARN_DIRECT_OBJC_ISA_USAGE = YES_ERROR;
				CLANG_WARN_DOCUMENTATION_COMMENTS = YES;
				CLANG_WARN_EMPTY_BODY = YES;
				CLANG_WARN_ENUM_CONVERSION = YES;
				CLANG_WARN_INFINITE_RECURSION = YES;
				CLANG_WARN_INT_CONVERSION = YES;
				CLANG_WARN_NON_LITERAL_NULL_CONVERSION = YES;
				CLANG_WARN_OBJC_IMPLICIT_RETAIN_SELF = YES;
				CLANG_WARN_OBJC_LITERAL_CONVERSION = YES;
				CLANG_WARN_OBJC_ROOT_CLASS = YES_ERROR;
				CLANG_WARN_RANGE_LOOP_ANALYSIS = YES;
				CLANG_WARN_STRICT_PROTOTYPES = YES;
				CLANG_WARN_SUSPICIOUS_MOVE = YES;
				CLANG_WARN_UNREACHABLE_CODE = YES;
				CLANG_WARN__DUPLICATE_METHOD_MATCH = YES;
				"CODE_SIGN_IDENTITY[sdk=iphoneos*]" = "iPhone Developer";
				COPY_PHASE_STRIP = NO;
				DEBUG_INFORMATION_FORMAT = dwarf;
				ENABLE_STRICT_OBJC_MSGSEND = YES;
				ENABLE_TESTABILITY = YES;
				GCC_C_LANGUAGE_STANDARD = gnu99;
				GCC_DYNAMIC_NO_PIC = NO;
				GCC_NO_COMMON_BLOCKS = YES;
				GCC_OPTIMIZATION_LEVEL = 0;
				GCC_PREPROCESSOR_DEFINITIONS = (
					"DEBUG=1",
					"$(inherited)",
				);
				GCC_WARN_64_TO_32_BIT_CONVERSION = YES;
				GCC_WARN_ABOUT_RETURN_TYPE = YES_ERROR;
				GCC_WARN_UNDECLARED_SELECTOR = YES;
				GCC_WARN_UNINITIALIZED_AUTOS = YES_AGGRESSIVE;
				GCC_WARN_UNUSED_FUNCTION = YES;
				GCC_WARN_UNUSED_VARIABLE = YES;
				IPHONEOS_DEPLOYMENT_TARGET = 10.2;
				MTL_ENABLE_DEBUG_INFO = YES;
				ONLY_ACTIVE_ARCH = YES;
				SDKROOT = iphoneos;
			};
			name = Debug;
		};
		C613A4401F13660C006690D9 /* Release */ = {
			isa = XCBuildConfiguration;
			buildSettings = {
				ALWAYS_SEARCH_USER_PATHS = NO;
				CLANG_ANALYZER_NONNULL = YES;
				CLANG_CXX_LANGUAGE_STANDARD = "gnu++0x";
				CLANG_CXX_LIBRARY = "libc++";
				CLANG_ENABLE_MODULES = YES;
				CLANG_ENABLE_OBJC_ARC = YES;
				CLANG_WARN_BLOCK_CAPTURE_AUTORELEASING = YES;
				CLANG_WARN_BOOL_CONVERSION = YES;
				CLANG_WARN_COMMA = YES;
				CLANG_WARN_CONSTANT_CONVERSION = YES;
				CLANG_WARN_DEPRECATED_OBJC_IMPLEMENTATIONS = YES;
				CLANG_WARN_DIRECT_OBJC_ISA_USAGE = YES_ERROR;
				CLANG_WARN_DOCUMENTATION_COMMENTS = YES;
				CLANG_WARN_EMPTY_BODY = YES;
				CLANG_WARN_ENUM_CONVERSION = YES;
				CLANG_WARN_INFINITE_RECURSION = YES;
				CLANG_WARN_INT_CONVERSION = YES;
				CLANG_WARN_NON_LITERAL_NULL_CONVERSION = YES;
				CLANG_WARN_OBJC_IMPLICIT_RETAIN_SELF = YES;
				CLANG_WARN_OBJC_LITERAL_CONVERSION = YES;
				CLANG_WARN_OBJC_ROOT_CLASS = YES_ERROR;
				CLANG_WARN_RANGE_LOOP_ANALYSIS = YES;
				CLANG_WARN_STRICT_PROTOTYPES = YES;
				CLANG_WARN_SUSPICIOUS_MOVE = YES;
				CLANG_WARN_UNREACHABLE_CODE = YES;
				CLANG_WARN__DUPLICATE_METHOD_MATCH = YES;
				"CODE_SIGN_IDENTITY[sdk=iphoneos*]" = "iPhone Developer";
				COPY_PHASE_STRIP = NO;
				DEBUG_INFORMATION_FORMAT = "dwarf-with-dsym";
				ENABLE_NS_ASSERTIONS = NO;
				ENABLE_STRICT_OBJC_MSGSEND = YES;
				GCC_C_LANGUAGE_STANDARD = gnu99;
				GCC_NO_COMMON_BLOCKS = YES;
				GCC_WARN_64_TO_32_BIT_CONVERSION = YES;
				GCC_WARN_ABOUT_RETURN_TYPE = YES_ERROR;
				GCC_WARN_UNDECLARED_SELECTOR = YES;
				GCC_WARN_UNINITIALIZED_AUTOS = YES_AGGRESSIVE;
				GCC_WARN_UNUSED_FUNCTION = YES;
				GCC_WARN_UNUSED_VARIABLE = YES;
				IPHONEOS_DEPLOYMENT_TARGET = 10.2;
				MTL_ENABLE_DEBUG_INFO = NO;
				SDKROOT = iphoneos;
				VALIDATE_PRODUCT = YES;
			};
			name = Release;
		};
		C613A4421F13660C006690D9 /* Debug */ = {
			isa = XCBuildConfiguration;
			buildSettings = {
				ASSETCATALOG_COMPILER_APPICON_NAME = AppIcon;
				CODE_SIGN_STYLE = Manual;
				DEVELOPMENT_TEAM = "";
				INFOPLIST_FILE = DPVideoMerger/Info.plist;
				LD_RUNPATH_SEARCH_PATHS = "$(inherited) @executable_path/Frameworks";
				PRODUCT_BUNDLE_IDENTIFIER = com.datt.DPVideoMerger;
				PRODUCT_NAME = "$(TARGET_NAME)";
				PROVISIONING_PROFILE = "";
				PROVISIONING_PROFILE_SPECIFIER = "";
				TARGETED_DEVICE_FAMILY = "1,2";
			};
			name = Debug;
		};
		C613A4431F13660C006690D9 /* Release */ = {
			isa = XCBuildConfiguration;
			buildSettings = {
				ASSETCATALOG_COMPILER_APPICON_NAME = AppIcon;
				CODE_SIGN_STYLE = Manual;
				DEVELOPMENT_TEAM = "";
				INFOPLIST_FILE = DPVideoMerger/Info.plist;
				LD_RUNPATH_SEARCH_PATHS = "$(inherited) @executable_path/Frameworks";
				PRODUCT_BUNDLE_IDENTIFIER = com.datt.DPVideoMerger;
				PRODUCT_NAME = "$(TARGET_NAME)";
				PROVISIONING_PROFILE = "";
				PROVISIONING_PROFILE_SPECIFIER = "";
				TARGETED_DEVICE_FAMILY = "1,2";
			};
			name = Release;
		};
/* End XCBuildConfiguration section */

/* Begin XCConfigurationList section */
		C613A4251F13660A006690D9 /* Build configuration list for PBXProject "DPVideoMerger" */ = {
			isa = XCConfigurationList;
			buildConfigurations = (
				C613A43F1F13660C006690D9 /* Debug */,
				C613A4401F13660C006690D9 /* Release */,
			);
			defaultConfigurationIsVisible = 0;
			defaultConfigurationName = Release;
		};
		C613A4411F13660C006690D9 /* Build configuration list for PBXNativeTarget "DPVideoMerger" */ = {
			isa = XCConfigurationList;
			buildConfigurations = (
				C613A4421F13660C006690D9 /* Debug */,
				C613A4431F13660C006690D9 /* Release */,
			);
			defaultConfigurationIsVisible = 0;
			defaultConfigurationName = Release;
		};
/* End XCConfigurationList section */
	};
	rootObject = C613A4221F13660A006690D9 /* Project object */;
}
